<?xml version="1.0" encoding="utf-8"?>
<Project ToolsVersion="4.0" xmlns="http://schemas.microsoft.com/developer/msbuild/2003">
  <ItemGroup>
    <Filter Include="Source Files">
      <UniqueIdentifier>{4FC737F1-C7A5-4376-A066-2A32D752A2FF}</UniqueIdentifier>
      <Extensions>cpp;c;cc;cxx;def;odl;idl;hpj;bat;asm;asmx</Extensions>
    </Filter>
    <Filter Include="Header Files">
      <UniqueIdentifier>{93995380-89BD-4b04-88EB-625FBE52EBFB}</UniqueIdentifier>
      <Extensions>h;hh;hpp;hxx;hm;inl;inc;xsd</Extensions>
    </Filter>
    <Filter Include="Resource Files">
      <UniqueIdentifier>{67DA6AB6-F800-4c08-8B7A-83BB121AAD01}</UniqueIdentifier>
      <Extensions>rc;ico;cur;bmp;dlg;rc2;rct;bin;rgs;gif;jpg;jpeg;jpe;resx;tiff;tif;png;wav;mfcribbon-ms</Extensions>
    </Filter>
    <Filter Include="Resource Files\imgs">
      <UniqueIdentifier>{44c045a9-dc95-458d-afc6-4cc03762909d}</UniqueIdentifier>
    </Filter>
    <Filter Include="Header Files\Engine">
      <UniqueIdentifier>{ada6c991-c7a2-453b-8e73-2819ac4b8dc5}</UniqueIdentifier>
    </Filter>
    <Filter Include="Header Files\Engine\States">
      <UniqueIdentifier>{bfd03140-387d-4300-900b-5ac4cd9ebc91}</UniqueIdentifier>
    </Filter>
  </ItemGroup>
  <ItemGroup>
    <ClCompile Include="main.cpp">
      <Filter>Source Files</Filter>
    </ClCompile>
    <ClCompile Include="GameEngine.cpp">
      <Filter>Source Files</Filter>
    </ClCompile>
    <ClCompile Include="Intro.cpp">
      <Filter>Source Files</Filter>
    </ClCompile>
    <ClCompile Include="Menu.cpp">
      <Filter>Source Files</Filter>
    </ClCompile>
    <ClCompile Include="Play.cpp">
      <Filter>Source Files</Filter>
    </ClCompile>
    <ClCompile Include="Texture.cpp">
      <Filter>Source Files</Filter>
    </ClCompile>
    <ClCompile Include="Timer.cpp">
      <Filter>Source Files</Filter>
    </ClCompile>
    <ClCompile Include="Window.cpp">
      <Filter>Source Files</Filter>
    </ClCompile>
  </ItemGroup>
  <ItemGroup>
    <ClInclude Include="Texture.h">
      <Filter>Header Files</Filter>
    </ClInclude>
    <ClInclude Include="Timer.h">
      <Filter>Header Files</Filter>
    </ClInclude>
    <ClInclude Include="Window.h">
      <Filter>Header Files</Filter>
    </ClInclude>
    <ClInclude Include="GameEngine.h">
      <Filter>Header Files\Engine</Filter>
    </ClInclude>
    <ClInclude Include="Intro.h">
      <Filter>Header Files\Engine\States</Filter>
    </ClInclude>
    <ClInclude Include="Menu.h">
      <Filter>Header Files\Engine\States</Filter>
    </ClInclude>
    <ClInclude Include="Play.h">
      <Filter>Header Files\Engine\States</Filter>
    </ClInclude>
    <ClInclude Include="State.h">
      <Filter>Header Files\Engine</Filter>
    </ClInclude>
  </ItemGroup>
  <ItemGroup>
    <None Include="libjpeg-9.dll">
      <Filter>Resource Files</Filter>
    </None>
    <None Include="libpng16-16.dll">
      <Filter>Resource Files</Filter>
    </None>
    <None Include="libtiff-5.dll">
      <Filter>Resource Files</Filter>
    </None>
    <None Include="libwebp-4.dll">
      <Filter>Resource Files</Filter>
    </None>
    <None Include="SDL2.dll">
      <Filter>Resource Files</Filter>
    </None>
    <None Include="SDL2_image.dll">
      <Filter>Resource Files</Filter>
    </None>
    <None Include="zlib1.dll">
      <Filter>Resource Files</Filter>
    </None>
  </ItemGroup>
  <ItemGroup>
    <Image Include="imgs\Intro.png">
      <Filter>Resource Files\imgs</Filter>
    </Image>
  </ItemGroup>
</Project>